// !$*UTF8*$!
{
	archiveVersion = 1;
	classes = {
	};
	objectVersion = 50;
	objects = {

/* Begin PBXBuildFile section */
		28973D072545A63800022D64 /* AppDelegate.swift in Sources */ = {isa = PBXBuildFile; fileRef = 28973D062545A63800022D64 /* AppDelegate.swift */; };
		28973D092545A63800022D64 /* SceneDelegate.swift in Sources */ = {isa = PBXBuildFile; fileRef = 28973D082545A63800022D64 /* SceneDelegate.swift */; };
		28973D0B2545A63800022D64 /* ViewController.swift in Sources */ = {isa = PBXBuildFile; fileRef = 28973D0A2545A63800022D64 /* ViewController.swift */; };
		28973D0E2545A63800022D64 /* Main.storyboard in Resources */ = {isa = PBXBuildFile; fileRef = 28973D0C2545A63800022D64 /* Main.storyboard */; };
		28973D112545A63800022D64 /* AliveCore.xcdatamodeld in Sources */ = {isa = PBXBuildFile; fileRef = 28973D0F2545A63800022D64 /* AliveCore.xcdatamodeld */; };
		28973D132545A63A00022D64 /* Assets.xcassets in Resources */ = {isa = PBXBuildFile; fileRef = 28973D122545A63A00022D64 /* Assets.xcassets */; };
		28973D162545A63A00022D64 /* LaunchScreen.storyboard in Resources */ = {isa = PBXBuildFile; fileRef = 28973D142545A63A00022D64 /* LaunchScreen.storyboard */; };
		28973D212545A63B00022D64 /* AliveCoreTests.swift in Sources */ = {isa = PBXBuildFile; fileRef = 28973D202545A63B00022D64 /* AliveCoreTests.swift */; };
		28973D2C2545A63B00022D64 /* AliveCoreUITests.swift in Sources */ = {isa = PBXBuildFile; fileRef = 28973D2B2545A63B00022D64 /* AliveCoreUITests.swift */; };
/* End PBXBuildFile section */

/* Begin PBXContainerItemProxy section */
		28973D1D2545A63B00022D64 /* PBXContainerItemProxy */ = {
			isa = PBXContainerItemProxy;
			containerPortal = 28973CFB2545A63800022D64 /* Project object */;
			proxyType = 1;
			remoteGlobalIDString = 28973D022545A63800022D64;
			remoteInfo = AliveCore;
		};
		28973D282545A63B00022D64 /* PBXContainerItemProxy */ = {
			isa = PBXContainerItemProxy;
			containerPortal = 28973CFB2545A63800022D64 /* Project object */;
			proxyType = 1;
			remoteGlobalIDString = 28973D022545A63800022D64;
			remoteInfo = AliveCore;
		};
/* End PBXContainerItemProxy section */

/* Begin PBXFileReference section */
		28973D032545A63800022D64 /* AliveCore.app */ = {isa = PBXFileReference; explicitFileType = wrapper.application; includeInIndex = 0; path = AliveCore.app; sourceTree = BUILT_PRODUCTS_DIR; };
		28973D062545A63800022D64 /* AppDelegate.swift */ = {isa = PBXFileReference; lastKnownFileType = sourcecode.swift; path = AppDelegate.swift; sourceTree = "<group>"; };
		28973D082545A63800022D64 /* SceneDelegate.swift */ = {isa = PBXFileReference; lastKnownFileType = sourcecode.swift; path = SceneDelegate.swift; sourceTree = "<group>"; };
		28973D0A2545A63800022D64 /* ViewController.swift */ = {isa = PBXFileReference; lastKnownFileType = sourcecode.swift; path = ViewController.swift; sourceTree = "<group>"; };
		28973D0D2545A63800022D64 /* Base */ = {isa = PBXFileReference; lastKnownFileType = file.storyboard; name = Base; path = Base.lproj/Main.storyboard; sourceTree = "<group>"; };
		28973D102545A63800022D64 /* AliveCore.xcdatamodel */ = {isa = PBXFileReference; lastKnownFileType = wrapper.xcdatamodel; path = AliveCore.xcdatamodel; sourceTree = "<group>"; };
		28973D122545A63A00022D64 /* Assets.xcassets */ = {isa = PBXFileReference; lastKnownFileType = folder.assetcatalog; path = Assets.xcassets; sourceTree = "<group>"; };
		28973D152545A63A00022D64 /* Base */ = {isa = PBXFileReference; lastKnownFileType = file.storyboard; name = Base; path = Base.lproj/LaunchScreen.storyboard; sourceTree = "<group>"; };
		28973D172545A63A00022D64 /* Info.plist */ = {isa = PBXFileReference; lastKnownFileType = text.plist.xml; path = Info.plist; sourceTree = "<group>"; };
		28973D1C2545A63B00022D64 /* AliveCoreTests.xctest */ = {isa = PBXFileReference; explicitFileType = wrapper.cfbundle; includeInIndex = 0; path = AliveCoreTests.xctest; sourceTree = BUILT_PRODUCTS_DIR; };
		28973D202545A63B00022D64 /* AliveCoreTests.swift */ = {isa = PBXFileReference; lastKnownFileType = sourcecode.swift; path = AliveCoreTests.swift; sourceTree = "<group>"; };
		28973D222545A63B00022D64 /* Info.plist */ = {isa = PBXFileReference; lastKnownFileType = text.plist.xml; path = Info.plist; sourceTree = "<group>"; };
		28973D272545A63B00022D64 /* AliveCoreUITests.xctest */ = {isa = PBXFileReference; explicitFileType = wrapper.cfbundle; includeInIndex = 0; path = AliveCoreUITests.xctest; sourceTree = BUILT_PRODUCTS_DIR; };
		28973D2B2545A63B00022D64 /* AliveCoreUITests.swift */ = {isa = PBXFileReference; lastKnownFileType = sourcecode.swift; path = AliveCoreUITests.swift; sourceTree = "<group>"; };
		28973D2D2545A63B00022D64 /* Info.plist */ = {isa = PBXFileReference; lastKnownFileType = text.plist.xml; path = Info.plist; sourceTree = "<group>"; };
/* End PBXFileReference section */

/* Begin PBXFrameworksBuildPhase section */
		28973D002545A63800022D64 /* Frameworks */ = {
			isa = PBXFrameworksBuildPhase;
			buildActionMask = 2147483647;
			files = (
			);
			runOnlyForDeploymentPostprocessing = 0;
		};
		28973D192545A63B00022D64 /* Frameworks */ = {
			isa = PBXFrameworksBuildPhase;
			buildActionMask = 2147483647;
			files = (
			);
			runOnlyForDeploymentPostprocessing = 0;
		};
		28973D242545A63B00022D64 /* Frameworks */ = {
			isa = PBXFrameworksBuildPhase;
			buildActionMask = 2147483647;
			files = (
			);
			runOnlyForDeploymentPostprocessing = 0;
		};
/* End PBXFrameworksBuildPhase section */

/* Begin PBXGroup section */
		28973CFA2545A63800022D64 = {
			isa = PBXGroup;
			children = (
				28973D052545A63800022D64 /* AliveCore */,
				28973D1F2545A63B00022D64 /* AliveCoreTests */,
				28973D2A2545A63B00022D64 /* AliveCoreUITests */,
				28973D042545A63800022D64 /* Products */,
			);
			sourceTree = "<group>";
		};
		28973D042545A63800022D64 /* Products */ = {
			isa = PBXGroup;
			children = (
				28973D032545A63800022D64 /* AliveCore.app */,
				28973D1C2545A63B00022D64 /* AliveCoreTests.xctest */,
				28973D272545A63B00022D64 /* AliveCoreUITests.xctest */,
			);
			name = Products;
			sourceTree = "<group>";
		};
		28973D052545A63800022D64 /* AliveCore */ = {
			isa = PBXGroup;
			children = (
				28973D062545A63800022D64 /* AppDelegate.swift */,
				28973D082545A63800022D64 /* SceneDelegate.swift */,
				28973D0A2545A63800022D64 /* ViewController.swift */,
				28973D0C2545A63800022D64 /* Main.storyboard */,
				28973D122545A63A00022D64 /* Assets.xcassets */,
				28973D142545A63A00022D64 /* LaunchScreen.storyboard */,
				28973D172545A63A00022D64 /* Info.plist */,
				28973D0F2545A63800022D64 /* AliveCore.xcdatamodeld */,
			);
			path = AliveCore;
			sourceTree = "<group>";
		};
		28973D1F2545A63B00022D64 /* AliveCoreTests */ = {
			isa = PBXGroup;
			children = (
				28973D202545A63B00022D64 /* AliveCoreTests.swift */,
				28973D222545A63B00022D64 /* Info.plist */,
			);
			path = AliveCoreTests;
			sourceTree = "<group>";
		};
		28973D2A2545A63B00022D64 /* AliveCoreUITests */ = {
			isa = PBXGroup;
			children = (
				28973D2B2545A63B00022D64 /* AliveCoreUITests.swift */,
				28973D2D2545A63B00022D64 /* Info.plist */,
			);
			path = AliveCoreUITests;
			sourceTree = "<group>";
		};
/* End PBXGroup section */

/* Begin PBXNativeTarget section */
		28973D022545A63800022D64 /* AliveCore */ = {
			isa = PBXNativeTarget;
			buildConfigurationList = 28973D302545A63B00022D64 /* Build configuration list for PBXNativeTarget "AliveCore" */;
			buildPhases = (
				28973CFF2545A63800022D64 /* Sources */,
				28973D002545A63800022D64 /* Frameworks */,
				28973D012545A63800022D64 /* Resources */,
			);
			buildRules = (
			);
			dependencies = (
			);
			name = AliveCore;
			productName = AliveCore;
			productReference = 28973D032545A63800022D64 /* AliveCore.app */;
			productType = "com.apple.product-type.application";
		};
		28973D1B2545A63B00022D64 /* AliveCoreTests */ = {
			isa = PBXNativeTarget;
			buildConfigurationList = 28973D332545A63B00022D64 /* Build configuration list for PBXNativeTarget "AliveCoreTests" */;
			buildPhases = (
				28973D182545A63B00022D64 /* Sources */,
				28973D192545A63B00022D64 /* Frameworks */,
				28973D1A2545A63B00022D64 /* Resources */,
			);
			buildRules = (
			);
			dependencies = (
				28973D1E2545A63B00022D64 /* PBXTargetDependency */,
			);
			name = AliveCoreTests;
			productName = AliveCoreTests;
			productReference = 28973D1C2545A63B00022D64 /* AliveCoreTests.xctest */;
			productType = "com.apple.product-type.bundle.unit-test";
		};
		28973D262545A63B00022D64 /* AliveCoreUITests */ = {
			isa = PBXNativeTarget;
			buildConfigurationList = 28973D362545A63B00022D64 /* Build configuration list for PBXNativeTarget "AliveCoreUITests" */;
			buildPhases = (
				28973D232545A63B00022D64 /* Sources */,
				28973D242545A63B00022D64 /* Frameworks */,
				28973D252545A63B00022D64 /* Resources */,
			);
			buildRules = (
			);
			dependencies = (
				28973D292545A63B00022D64 /* PBXTargetDependency */,
			);
			name = AliveCoreUITests;
			productName = AliveCoreUITests;
			productReference = 28973D272545A63B00022D64 /* AliveCoreUITests.xctest */;
			productType = "com.apple.product-type.bundle.ui-testing";
		};
/* End PBXNativeTarget section */

/* Begin PBXProject section */
		28973CFB2545A63800022D64 /* Project object */ = {
			isa = PBXProject;
			attributes = {
				LastSwiftUpdateCheck = 1200;
				LastUpgradeCheck = 1200;
				TargetAttributes = {
					28973D022545A63800022D64 = {
						CreatedOnToolsVersion = 12.0.1;
					};
					28973D1B2545A63B00022D64 = {
						CreatedOnToolsVersion = 12.0.1;
						TestTargetID = 28973D022545A63800022D64;
					};
					28973D262545A63B00022D64 = {
						CreatedOnToolsVersion = 12.0.1;
						TestTargetID = 28973D022545A63800022D64;
					};
				};
			};
			buildConfigurationList = 28973CFE2545A63800022D64 /* Build configuration list for PBXProject "AliveCore" */;
			compatibilityVersion = "Xcode 9.3";
			developmentRegion = en;
			hasScannedForEncodings = 0;
			knownRegions = (
				en,
				Base,
			);
			mainGroup = 28973CFA2545A63800022D64;
			productRefGroup = 28973D042545A63800022D64 /* Products */;
			projectDirPath = "";
			projectRoot = "";
			targets = (
				28973D022545A63800022D64 /* AliveCore */,
				28973D1B2545A63B00022D64 /* AliveCoreTests */,
				28973D262545A63B00022D64 /* AliveCoreUITests */,
			);
		};
/* End PBXProject section */

/* Begin PBXResourcesBuildPhase section */
		28973D012545A63800022D64 /* Resources */ = {
			isa = PBXResourcesBuildPhase;
			buildActionMask = 2147483647;
			files = (
				28973D162545A63A00022D64 /* LaunchScreen.storyboard in Resources */,
				28973D132545A63A00022D64 /* Assets.xcassets in Resources */,
				28973D0E2545A63800022D64 /* Main.storyboard in Resources */,
			);
			runOnlyForDeploymentPostprocessing = 0;
		};
		28973D1A2545A63B00022D64 /* Resources */ = {
			isa = PBXResourcesBuildPhase;
			buildActionMask = 2147483647;
			files = (
			);
			runOnlyForDeploymentPostprocessing = 0;
		};
		28973D252545A63B00022D64 /* Resources */ = {
			isa = PBXResourcesBuildPhase;
			buildActionMask = 2147483647;
			files = (
			);
			runOnlyForDeploymentPostprocessing = 0;
		};
/* End PBXResourcesBuildPhase section */

/* Begin PBXSourcesBuildPhase section */
		28973CFF2545A63800022D64 /* Sources */ = {
			isa = PBXSourcesBuildPhase;
			buildActionMask = 2147483647;
			files = (
				28973D112545A63800022D64 /* AliveCore.xcdatamodeld in Sources */,
				28973D0B2545A63800022D64 /* ViewController.swift in Sources */,
				28973D072545A63800022D64 /* AppDelegate.swift in Sources */,
				28973D092545A63800022D64 /* SceneDelegate.swift in Sources */,
			);
			runOnlyForDeploymentPostprocessing = 0;
		};
		28973D182545A63B00022D64 /* Sources */ = {
			isa = PBXSourcesBuildPhase;
			buildActionMask = 2147483647;
			files = (
				28973D212545A63B00022D64 /* AliveCoreTests.swift in Sources */,
			);
			runOnlyForDeploymentPostprocessing = 0;
		};
		28973D232545A63B00022D64 /* Sources */ = {
			isa = PBXSourcesBuildPhase;
			buildActionMask = 2147483647;
			files = (
				28973D2C2545A63B00022D64 /* AliveCoreUITests.swift in Sources */,
			);
			runOnlyForDeploymentPostprocessing = 0;
		};
/* End PBXSourcesBuildPhase section */

/* Begin PBXTargetDependency section */
		28973D1E2545A63B00022D64 /* PBXTargetDependency */ = {
			isa = PBXTargetDependency;
			target = 28973D022545A63800022D64 /* AliveCore */;
			targetProxy = 28973D1D2545A63B00022D64 /* PBXContainerItemProxy */;
		};
		28973D292545A63B00022D64 /* PBXTargetDependency */ = {
			isa = PBXTargetDependency;
			target = 28973D022545A63800022D64 /* AliveCore */;
			targetProxy = 28973D282545A63B00022D64 /* PBXContainerItemProxy */;
		};
/* End PBXTargetDependency section */

/* Begin PBXVariantGroup section */
		28973D0C2545A63800022D64 /* Main.storyboard */ = {
			isa = PBXVariantGroup;
			children = (
				28973D0D2545A63800022D64 /* Base */,
			);
			name = Main.storyboard;
			sourceTree = "<group>";
		};
		28973D142545A63A00022D64 /* LaunchScreen.storyboard */ = {
			isa = PBXVariantGroup;
			children = (
				28973D152545A63A00022D64 /* Base */,
			);
			name = LaunchScreen.storyboard;
			sourceTree = "<group>";
		};
/* End PBXVariantGroup section */

/* Begin XCBuildConfiguration section */
		28973D2E2545A63B00022D64 /* Debug */ = {
			isa = XCBuildConfiguration;
			buildSettings = {
				ALWAYS_SEARCH_USER_PATHS = NO;
				CLANG_ANALYZER_NONNULL = YES;
				CLANG_ANALYZER_NUMBER_OBJECT_CONVERSION = YES_AGGRESSIVE;
				CLANG_CXX_LANGUAGE_STANDARD = "gnu++14";
				CLANG_CXX_LIBRARY = "libc++";
				CLANG_ENABLE_MODULES = YES;
				CLANG_ENABLE_OBJC_ARC = YES;
				CLANG_ENABLE_OBJC_WEAK = YES;
				CLANG_WARN_BLOCK_CAPTURE_AUTORELEASING = YES;
				CLANG_WARN_BOOL_CONVERSION = YES;
				CLANG_WARN_COMMA = YES;
				CLANG_WARN_CONSTANT_CONVERSION = YES;
				CLANG_WARN_DEPRECATED_OBJC_IMPLEMENTATIONS = YES;
				CLANG_WARN_DIRECT_OBJC_ISA_USAGE = YES_ERROR;
				CLANG_WARN_DOCUMENTATION_COMMENTS = YES;
				CLANG_WARN_EMPTY_BODY = YES;
				CLANG_WARN_ENUM_CONVERSION = YES;
				CLANG_WARN_INFINITE_RECURSION = YES;
				CLANG_WARN_INT_CONVERSION = YES;
				CLANG_WARN_NON_LITERAL_NULL_CONVERSION = YES;
				CLANG_WARN_OBJC_IMPLICIT_RETAIN_SELF = YES;
				CLANG_WARN_OBJC_LITERAL_CONVERSION = YES;
				CLANG_WARN_OBJC_ROOT_CLASS = YES_ERROR;
				CLANG_WARN_QUOTED_INCLUDE_IN_FRAMEWORK_HEADER = YES;
				CLANG_WARN_RANGE_LOOP_ANALYSIS = YES;
				CLANG_WARN_STRICT_PROTOTYPES = YES;
				CLANG_WARN_SUSPICIOUS_MOVE = YES;
				CLANG_WARN_UNGUARDED_AVAILABILITY = YES_AGGRESSIVE;
				CLANG_WARN_UNREACHABLE_CODE = YES;
				CLANG_WARN__DUPLICATE_METHOD_MATCH = YES;
				COPY_PHASE_STRIP = NO;
				DEBUG_INFORMATION_FORMAT = dwarf;
				ENABLE_STRICT_OBJC_MSGSEND = YES;
				ENABLE_TESTABILITY = YES;
				GCC_C_LANGUAGE_STANDARD = gnu11;
				GCC_DYNAMIC_NO_PIC = NO;
				GCC_NO_COMMON_BLOCKS = YES;
				GCC_OPTIMIZATION_LEVEL = 0;
				GCC_PREPROCESSOR_DEFINITIONS = (
					"DEBUG=1",
					"$(inherited)",
				);
				GCC_WARN_64_TO_32_BIT_CONVERSION = YES;
				GCC_WARN_ABOUT_RETURN_TYPE = YES_ERROR;
				GCC_WARN_UNDECLARED_SELECTOR = YES;
				GCC_WARN_UNINITIALIZED_AUTOS = YES_AGGRESSIVE;
				GCC_WARN_UNUSED_FUNCTION = YES;
				GCC_WARN_UNUSED_VARIABLE = YES;
				IPHONEOS_DEPLOYMENT_TARGET = 14.0;
				MTL_ENABLE_DEBUG_INFO = INCLUDE_SOURCE;
				MTL_FAST_MATH = YES;
				ONLY_ACTIVE_ARCH = YES;
				SDKROOT = iphoneos;
				SWIFT_ACTIVE_COMPILATION_CONDITIONS = DEBUG;
				SWIFT_OPTIMIZATION_LEVEL = "-Onone";
			};
			name = Debug;
		};
		28973D2F2545A63B00022D64 /* Release */ = {
			isa = XCBuildConfiguration;
			buildSettings = {
				ALWAYS_SEARCH_USER_PATHS = NO;
				CLANG_ANALYZER_NONNULL = YES;
				CLANG_ANALYZER_NUMBER_OBJECT_CONVERSION = YES_AGGRESSIVE;
				CLANG_CXX_LANGUAGE_STANDARD = "gnu++14";
				CLANG_CXX_LIBRARY = "libc++";
				CLANG_ENABLE_MODULES = YES;
				CLANG_ENABLE_OBJC_ARC = YES;
				CLANG_ENABLE_OBJC_WEAK = YES;
				CLANG_WARN_BLOCK_CAPTURE_AUTORELEASING = YES;
				CLANG_WARN_BOOL_CONVERSION = YES;
				CLANG_WARN_COMMA = YES;
				CLANG_WARN_CONSTANT_CONVERSION = YES;
				CLANG_WARN_DEPRECATED_OBJC_IMPLEMENTATIONS = YES;
				CLANG_WARN_DIRECT_OBJC_ISA_USAGE = YES_ERROR;
				CLANG_WARN_DOCUMENTATION_COMMENTS = YES;
				CLANG_WARN_EMPTY_BODY = YES;
				CLANG_WARN_ENUM_CONVERSION = YES;
				CLANG_WARN_INFINITE_RECURSION = YES;
				CLANG_WARN_INT_CONVERSION = YES;
				CLANG_WARN_NON_LITERAL_NULL_CONVERSION = YES;
				CLANG_WARN_OBJC_IMPLICIT_RETAIN_SELF = YES;
				CLANG_WARN_OBJC_LITERAL_CONVERSION = YES;
				CLANG_WARN_OBJC_ROOT_CLASS = YES_ERROR;
				CLANG_WARN_QUOTED_INCLUDE_IN_FRAMEWORK_HEADER = YES;
				CLANG_WARN_RANGE_LOOP_ANALYSIS = YES;
				CLANG_WARN_STRICT_PROTOTYPES = YES;
				CLANG_WARN_SUSPICIOUS_MOVE = YES;
				CLANG_WARN_UNGUARDED_AVAILABILITY = YES_AGGRESSIVE;
				CLANG_WARN_UNREACHABLE_CODE = YES;
				CLANG_WARN__DUPLICATE_METHOD_MATCH = YES;
				COPY_PHASE_STRIP = NO;
				DEBUG_INFORMATION_FORMAT = "dwarf-with-dsym";
				ENABLE_NS_ASSERTIONS = NO;
				ENABLE_STRICT_OBJC_MSGSEND = YES;
				GCC_C_LANGUAGE_STANDARD = gnu11;
				GCC_NO_COMMON_BLOCKS = YES;
				GCC_WARN_64_TO_32_BIT_CONVERSION = YES;
				GCC_WARN_ABOUT_RETURN_TYPE = YES_ERROR;
				GCC_WARN_UNDECLARED_SELECTOR = YES;
				GCC_WARN_UNINITIALIZED_AUTOS = YES_AGGRESSIVE;
				GCC_WARN_UNUSED_FUNCTION = YES;
				GCC_WARN_UNUSED_VARIABLE = YES;
				IPHONEOS_DEPLOYMENT_TARGET = 14.0;
				MTL_ENABLE_DEBUG_INFO = NO;
				MTL_FAST_MATH = YES;
				SDKROOT = iphoneos;
				SWIFT_COMPILATION_MODE = wholemodule;
				SWIFT_OPTIMIZATION_LEVEL = "-O";
				VALIDATE_PRODUCT = YES;
			};
			name = Release;
		};
		28973D312545A63B00022D64 /* Debug */ = {
			isa = XCBuildConfiguration;
			buildSettings = {
				ASSETCATALOG_COMPILER_APPICON_NAME = AppIcon;
				ASSETCATALOG_COMPILER_GLOBAL_ACCENT_COLOR_NAME = AccentColor;
				CODE_SIGN_STYLE = Automatic;
				INFOPLIST_FILE = AliveCore/Info.plist;
				LD_RUNPATH_SEARCH_PATHS = (
					"$(inherited)",
					"@executable_path/Frameworks",
				);
				PRODUCT_BUNDLE_IDENTIFIER = com.dxc.AliveCore;
				PRODUCT_NAME = "$(TARGET_NAME)";
				SWIFT_VERSION = 5.0;
				TARGETED_DEVICE_FAMILY = "1,2";
			};
			name = Debug;
		};
		28973D322545A63B00022D64 /* Release */ = {
			isa = XCBuildConfiguration;
			buildSettings = {
				ASSETCATALOG_COMPILER_APPICON_NAME = AppIcon;
				ASSETCATALOG_COMPILER_GLOBAL_ACCENT_COLOR_NAME = AccentColor;
				CODE_SIGN_STYLE = Automatic;
				INFOPLIST_FILE = AliveCore/Info.plist;
				LD_RUNPATH_SEARCH_PATHS = (
					"$(inherited)",
					"@executable_path/Frameworks",
				);
				PRODUCT_BUNDLE_IDENTIFIER = com.dxc.AliveCore;
				PRODUCT_NAME = "$(TARGET_NAME)";
				SWIFT_VERSION = 5.0;
				TARGETED_DEVICE_FAMILY = "1,2";
			};
			name = Release;
		};
		28973D342545A63B00022D64 /* Debug */ = {
			isa = XCBuildConfiguration;
			buildSettings = {
				ALWAYS_EMBED_SWIFT_STANDARD_LIBRARIES = YES;
				BUNDLE_LOADER = "$(TEST_HOST)";
				CODE_SIGN_STYLE = Automatic;
				INFOPLIST_FILE = AliveCoreTests/Info.plist;
				IPHONEOS_DEPLOYMENT_TARGET = 14.0;
				LD_RUNPATH_SEARCH_PATHS = (
					"$(inherited)",
					"@executable_path/Frameworks",
					"@loader_path/Frameworks",
				);
				PRODUCT_BUNDLE_IDENTIFIER = com.dxc.AliveCoreTests;
				PRODUCT_NAME = "$(TARGET_NAME)";
				SWIFT_VERSION = 5.0;
				TARGETED_DEVICE_FAMILY = "1,2";
				TEST_HOST = "$(BUILT_PRODUCTS_DIR)/AliveCore.app/AliveCore";
			};
			name = Debug;
		};
		28973D352545A63B00022D64 /* Release */ = {
			isa = XCBuildConfiguration;
			buildSettings = {
				ALWAYS_EMBED_SWIFT_STANDARD_LIBRARIES = YES;
				BUNDLE_LOADER = "$(TEST_HOST)";
				CODE_SIGN_STYLE = Automatic;
				INFOPLIST_FILE = AliveCoreTests/Info.plist;
				IPHONEOS_DEPLOYMENT_TARGET = 14.0;
				LD_RUNPATH_SEARCH_PATHS = (
					"$(inherited)",
					"@executable_path/Frameworks",
					"@loader_path/Frameworks",
				);
				PRODUCT_BUNDLE_IDENTIFIER = com.dxc.AliveCoreTests;
				PRODUCT_NAME = "$(TARGET_NAME)";
				SWIFT_VERSION = 5.0;
				TARGETED_DEVICE_FAMILY = "1,2";
				TEST_HOST = "$(BUILT_PRODUCTS_DIR)/AliveCore.app/AliveCore";
			};
			name = Release;
		};
		28973D372545A63B00022D64 /* Debug */ = {
			isa = XCBuildConfiguration;
			buildSettings = {
				ALWAYS_EMBED_SWIFT_STANDARD_LIBRARIES = YES;
				CODE_SIGN_STYLE = Automatic;
				INFOPLIST_FILE = AliveCoreUITests/Info.plist;
				LD_RUNPATH_SEARCH_PATHS = (
					"$(inherited)",
					"@executable_path/Frameworks",
					"@loader_path/Frameworks",
				);
				PRODUCT_BUNDLE_IDENTIFIER = com.dxc.AliveCoreUITests;
				PRODUCT_NAME = "$(TARGET_NAME)";
				SWIFT_VERSION = 5.0;
				TARGETED_DEVICE_FAMILY = "1,2";
				TEST_TARGET_NAME = AliveCore;
			};
			name = Debug;
		};
		28973D382545A63B00022D64 /* Release */ = {
			isa = XCBuildConfiguration;
			buildSettings = {
				ALWAYS_EMBED_SWIFT_STANDARD_LIBRARIES = YES;
				CODE_SIGN_STYLE = Automatic;
				INFOPLIST_FILE = AliveCoreUITests/Info.plist;
				LD_RUNPATH_SEARCH_PATHS = (
					"$(inherited)",
					"@executable_path/Frameworks",
					"@loader_path/Frameworks",
				);
				PRODUCT_BUNDLE_IDENTIFIER = com.dxc.AliveCoreUITests;
				PRODUCT_NAME = "$(TARGET_NAME)";
				SWIFT_VERSION = 5.0;
				TARGETED_DEVICE_FAMILY = "1,2";
				TEST_TARGET_NAME = AliveCore;
			};
			name = Release;
		};
/* End XCBuildConfiguration section */

/* Begin XCConfigurationList section */
		28973CFE2545A63800022D64 /* Build configuration list for PBXProject "AliveCore" */ = {
			isa = XCConfigurationList;
			buildConfigurations = (
				28973D2E2545A63B00022D64 /* Debug */,
				28973D2F2545A63B00022D64 /* Release */,
			);
			defaultConfigurationIsVisible = 0;
			defaultConfigurationName = Release;
		};
		28973D302545A63B00022D64 /* Build configuration list for PBXNativeTarget "AliveCore" */ = {
			isa = XCConfigurationList;
			buildConfigurations = (
				28973D312545A63B00022D64 /* Debug */,
				28973D322545A63B00022D64 /* Release */,
			);
			defaultConfigurationIsVisible = 0;
			defaultConfigurationName = Release;
		};
		28973D332545A63B00022D64 /* Build configuration list for PBXNativeTarget "AliveCoreTests" */ = {
			isa = XCConfigurationList;
			buildConfigurations = (
				28973D342545A63B00022D64 /* Debug */,
				28973D352545A63B00022D64 /* Release */,
			);
			defaultConfigurationIsVisible = 0;
			defaultConfigurationName = Release;
		};
		28973D362545A63B00022D64 /* Build configuration list for PBXNativeTarget "AliveCoreUITests" */ = {
			isa = XCConfigurationList;
			buildConfigurations = (
				28973D372545A63B00022D64 /* Debug */,
				28973D382545A63B00022D64 /* Release */,
			);
			defaultConfigurationIsVisible = 0;
			defaultConfigurationName = Release;
		};
/* End XCConfigurationList section */

/* Begin XCVersionGroup section */
		28973D0F2545A63800022D64 /* AliveCore.xcdatamodeld */ = {
			isa = XCVersionGroup;
			children = (
				28973D102545A63800022D64 /* AliveCore.xcdatamodel */,
			);
			currentVersion = 28973D102545A63800022D64 /* AliveCore.xcdatamodel */;
			path = AliveCore.xcdatamodeld;
			sourceTree = "<group>";
			versionGroupType = wrapper.xcdatamodel;
		};
/* End XCVersionGroup section */
	};
	rootObject = 28973CFB2545A63800022D64 /* Project object */;
}
